
Microsoft Visual Studio Solution File, Format Version 12.00
# Visual Studio Version 17
VisualStudioVersion = 17.9.34622.214
MinimumVisualStudioVersion = 15.0.26124.0
Project("{9A19103F-16F7-4668-BE54-9A1E7A4F7556}") = "NeoGui", "NeoGui\NeoGui.csproj", "{502140BB-4F9C-4B16-B4C2-57FA432658A8}"
EndProject
Project("{9A19103F-16F7-4668-BE54-9A1E7A4F7556}") = "NeoGui.Core", "NeoGui.Core\NeoGui.Core.csproj", "{0DBBE873-322F-40E5-8686-4B5026259F78}"
EndProject
Project("{9A19103F-16F7-4668-BE54-9A1E7A4F7556}") = "NeoGui.Toolkit", "NeoGui.Toolkit\NeoGui.Toolkit.csproj", "{489E6DE7-C00B-428B-AB7D-2DFADDEDD075}"
EndProject
Project("{9A19103F-16F7-4668-BE54-9A1E7A4F7556}") = "NeoGui.Wasm", "NeoGui.Wasm\NeoGui.Wasm.csproj", "{5B06EAD4-2CA9-4A35-9F08-89980446F7B5}"
EndProject
Global
	GlobalSection(SolutionConfigurationPlatforms) = preSolution
		Debug|Any CPU = Debug|Any CPU
		Debug|x64 = Debug|x64
		Debug|x86 = Debug|x86
		Release|Any CPU = Release|Any CPU
		Release|x64 = Release|x64
		Release|x86 = Release|x86
	EndGlobalSection
	GlobalSection(ProjectConfigurationPlatforms) = postSolution
		{502140BB-4F9C-4B16-B4C2-57FA432658A8}.Debug|Any CPU.ActiveCfg = Debug|Any CPU
		{502140BB-4F9C-4B16-B4C2-57FA432658A8}.Debug|Any CPU.Build.0 = Debug|Any CPU
		{502140BB-4F9C-4B16-B4C2-57FA432658A8}.Debug|x64.ActiveCfg = Debug|Any CPU
		{502140BB-4F9C-4B16-B4C2-57FA432658A8}.Debug|x64.Build.0 = Debug|Any CPU
		{502140BB-4F9C-4B16-B4C2-57FA432658A8}.Debug|x86.ActiveCfg = Debug|Any CPU
		{502140BB-4F9C-4B16-B4C2-57FA432658A8}.Debug|x86.Build.0 = Debug|Any CPU
		{502140BB-4F9C-4B16-B4C2-57FA432658A8}.Release|Any CPU.ActiveCfg = Release|Any CPU
		{502140BB-4F9C-4B16-B4C2-57FA432658A8}.Release|Any CPU.Build.0 = Release|Any CPU
		{502140BB-4F9C-4B16-B4C2-57FA432658A8}.Release|x64.ActiveCfg = Release|Any CPU
		{502140BB-4F9C-4B16-B4C2-57FA432658A8}.Release|x64.Build.0 = Release|Any CPU
		{502140BB-4F9C-4B16-B4C2-57FA432658A8}.Release|x86.ActiveCfg = Release|Any CPU
		{502140BB-4F9C-4B16-B4C2-57FA432658A8}.Release|x86.Build.0 = Release|Any CPU
		{0DBBE873-322F-40E5-8686-4B5026259F78}.Debug|Any CPU.ActiveCfg = Debug|Any CPU
		{0DBBE873-322F-40E5-8686-4B5026259F78}.Debug|Any CPU.Build.0 = Debug|Any CPU
		{0DBBE873-322F-40E5-8686-4B5026259F78}.Debug|x64.ActiveCfg = Debug|Any CPU
		{0DBBE873-322F-40E5-8686-4B5026259F78}.Debug|x64.Build.0 = Debug|Any CPU
		{0DBBE873-322F-40E5-8686-4B5026259F78}.Debug|x86.ActiveCfg = Debug|Any CPU
		{0DBBE873-322F-40E5-8686-4B5026259F78}.Debug|x86.Build.0 = Debug|Any CPU
		{0DBBE873-322F-40E5-8686-4B5026259F78}.Release|Any CPU.ActiveCfg = Release|Any CPU
		{0DBBE873-322F-40E5-8686-4B5026259F78}.Release|Any CPU.Build.0 = Release|Any CPU
		{0DBBE873-322F-40E5-8686-4B5026259F78}.Release|x64.ActiveCfg = Release|Any CPU
		{0DBBE873-322F-40E5-8686-4B5026259F78}.Release|x64.Build.0 = Release|Any CPU
		{0DBBE873-322F-40E5-8686-4B5026259F78}.Release|x86.ActiveCfg = Release|Any CPU
		{0DBBE873-322F-40E5-8686-4B5026259F78}.Release|x86.Build.0 = Release|Any CPU
		{489E6DE7-C00B-428B-AB7D-2DFADDEDD075}.Debug|Any CPU.ActiveCfg = Debug|Any CPU
		{489E6DE7-C00B-428B-AB7D-2DFADDEDD075}.Debug|Any CPU.Build.0 = Debug|Any CPU
		{489E6DE7-C00B-428B-AB7D-2DFADDEDD075}.Debug|x64.ActiveCfg = Debug|Any CPU
		{489E6DE7-C00B-428B-AB7D-2DFADDEDD075}.Debug|x64.Build.0 = Debug|Any CPU
		{489E6DE7-C00B-428B-AB7D-2DFADDEDD075}.Debug|x86.ActiveCfg = Debug|Any CPU
		{489E6DE7-C00B-428B-AB7D-2DFADDEDD075}.Debug|x86.Build.0 = Debug|Any CPU
		{489E6DE7-C00B-428B-AB7D-2DFADDEDD075}.Release|Any CPU.ActiveCfg = Release|Any CPU
		{489E6DE7-C00B-428B-AB7D-2DFADDEDD075}.Release|Any CPU.Build.0 = Release|Any CPU
		{489E6DE7-C00B-428B-AB7D-2DFADDEDD075}.Release|x64.ActiveCfg = Release|Any CPU
		{489E6DE7-C00B-428B-AB7D-2DFADDEDD075}.Release|x64.Build.0 = Release|Any CPU
		{489E6DE7-C00B-428B-AB7D-2DFADDEDD075}.Release|x86.ActiveCfg = Release|Any CPU
		{489E6DE7-C00B-428B-AB7D-2DFADDEDD075}.Release|x86.Build.0 = Release|Any CPU
		{5B06EAD4-2CA9-4A35-9F08-89980446F7B5}.Debug|Any CPU.ActiveCfg = Debug|Any CPU
		{5B06EAD4-2CA9-4A35-9F08-89980446F7B5}.Debug|Any CPU.Build.0 = Debug|Any CPU
		{5B06EAD4-2CA9-4A35-9F08-89980446F7B5}.Debug|x64.ActiveCfg = Debug|Any CPU
		{5B06EAD4-2CA9-4A35-9F08-89980446F7B5}.Debug|x64.Build.0 = Debug|Any CPU
		{5B06EAD4-2CA9-4A35-9F08-89980446F7B5}.Debug|x86.ActiveCfg = Debug|Any CPU
		{5B06EAD4-2CA9-4A35-9F08-89980446F7B5}.Debug|x86.Build.0 = Debug|Any CPU
		{5B06EAD4-2CA9-4A35-9F08-89980446F7B5}.Release|Any CPU.ActiveCfg = Release|Any CPU
		{5B06EAD4-2CA9-4A35-9F08-89980446F7B5}.Release|Any CPU.Build.0 = Release|Any CPU
		{5B06EAD4-2CA9-4A35-9F08-89980446F7B5}.Release|x64.ActiveCfg = Release|Any CPU
		{5B06EAD4-2CA9-4A35-9F08-89980446F7B5}.Release|x64.Build.0 = Release|Any CPU
		{5B06EAD4-2CA9-4A35-9F08-89980446F7B5}.Release|x86.ActiveCfg = Release|Any CPU
		{5B06EAD4-2CA9-4A35-9F08-89980446F7B5}.Release|x86.Build.0 = Release|Any CPU
	EndGlobalSection
	GlobalSection(SolutionProperties) = preSolution
		HideSolutionNode = FALSE
	EndGlobalSection
EndGlobal
